
Microsoft Visual Studio Solution File, Format Version 12.00
# Visual Studio 15
VisualStudioVersion = 15.0.27130.2036
MinimumVisualStudioVersion = 10.0.40219.1
Project("{E24C65DC-7377-472B-9ABA-BC803B73C61A}") = "DriverSorting", "DriverSorting", "{1E2DC28C-CE5A-45CE-B023-BE30C88473B3}"
	ProjectSection(WebsiteProperties) = preProject
		SccProjectName = "SAK"
		SccAuxPath = "SAK"
		SccLocalPath = "SAK"
		SccProvider = "SAK"
		TargetFrameworkMoniker = ".NETFramework,Version%3Dv4.6.1"
		Debug.AspNetCompiler.VirtualPath = "/localhost_63084"
		Debug.AspNetCompiler.PhysicalPath = "DriverSorting\"
		Debug.AspNetCompiler.TargetPath = "PrecompiledWeb\localhost_63084\"
		Debug.AspNetCompiler.Updateable = "true"
		Debug.AspNetCompiler.ForceOverwrite = "true"
		Debug.AspNetCompiler.FixedNames = "false"
		Debug.AspNetCompiler.Debug = "True"
		Release.AspNetCompiler.VirtualPath = "/localhost_63084"
		Release.AspNetCompiler.PhysicalPath = "DriverSorting\"
		Release.AspNetCompiler.TargetPath = "PrecompiledWeb\localhost_63084\"
		Release.AspNetCompiler.Updateable = "true"
		Release.AspNetCompiler.ForceOverwrite = "true"
		Release.AspNetCompiler.FixedNames = "false"
		Release.AspNetCompiler.Debug = "False"
		VWDPort = "63084"
		SlnRelativePath = "DriverSorting\"
	EndProjectSection
EndProject
Global
	GlobalSection(SolutionConfigurationPlatforms) = preSolution
		Debug|Any CPU = Debug|Any CPU
	EndGlobalSection
	GlobalSection(ProjectConfigurationPlatforms) = postSolution
		{1E2DC28C-CE5A-45CE-B023-BE30C88473B3}.Debug|Any CPU.ActiveCfg = Debug|Any CPU
		{1E2DC28C-CE5A-45CE-B023-BE30C88473B3}.Debug|Any CPU.Build.0 = Debug|Any CPU
	EndGlobalSection
	GlobalSection(SolutionProperties) = preSolution
		HideSolutionNode = FALSE
	EndGlobalSection
	GlobalSection(ExtensibilityGlobals) = postSolution
		SolutionGuid = {BDB1DAD7-3377-4B4B-8F20-8544025033E5}
	EndGlobalSection
	GlobalSection(TeamFoundationVersionControl) = preSolution
		SccNumberOfProjects = 2
		SccEnterpriseProvider = {4CA58AB2-18FA-4F8D-95D4-32DDF27D184C}
		SccTeamFoundationServer = https://boxxtech.visualstudio.com/
		SccLocalPath0 = .
		SccWebProject1 = true
		SccProjectUniqueName1 = DriverSorting
		SccProjectName1 = DriverSorting
		SccLocalPath1 = DriverSorting
		SccProjectEnlistmentChoice1 = 2
	EndGlobalSection
EndGlobal
